
Microsoft Visual Studio Solution File, Format Version 12.00
# Visual Studio Version 17
VisualStudioVersion = 17.8.34330.188
MinimumVisualStudioVersion = 10.0.40219.1
Project("{FAE04EC0-301F-11D3-BF4B-00C04F79EFBC}") = "dotnetComponent", "dotnetComponent.csproj", "{C5E34D41-569D-4469-A3E6-A8A2E7F4C710}"
EndProject
Global
	GlobalSection(SolutionConfigurationPlatforms) = preSolution
		Debug|Any CPU = Debug|Any CPU
		Release|Any CPU = Release|Any CPU
	EndGlobalSection
	GlobalSection(ProjectConfigurationPlatforms) = postSolution
		{C5E34D41-569D-4469-A3E6-A8A2E7F4C710}.Debug|Any CPU.ActiveCfg = Debug|Any CPU
		{C5E34D41-569D-4469-A3E6-A8A2E7F4C710}.Debug|Any CPU.Build.0 = Debug|Any CPU
		{C5E34D41-569D-4469-A3E6-A8A2E7F4C710}.Release|Any CPU.ActiveCfg = Release|Any CPU
		{C5E34D41-569D-4469-A3E6-A8A2E7F4C710}.Release|Any CPU.Build.0 = Release|Any CPU
	EndGlobalSection
	GlobalSection(SolutionProperties) = preSolution
		HideSolutionNode = FALSE
	EndGlobalSection
	GlobalSection(ExtensibilityGlobals) = postSolution
		SolutionGuid = {C229B2A1-0856-40C8-AB78-68AD408559AF}
	EndGlobalSection
EndGlobal
